PODS:
  - MobileWorkflow (2.1.5):
    - MobileWorkflow/Core (= 2.1.5)
  - MobileWorkflow/Core (2.1.5)
  - StepperPlugin (1.0.1):
    - StepperPlugin/Core (= 1.0.1)
  - StepperPlugin/Core (1.0.1):
    - MobileWorkflow (~> 2.1.5)
    - StepperView (~> 1.6.7)
  - StepperView (1.6.7)

DEPENDENCIES:
  - MobileWorkflow (~> 2.1.5)
  - StepperPlugin (from `StepperPlugin.podspec`)

SPEC REPOS:
  https://github.com/FutureWorkshops/MWPodspecs.git:
    - MobileWorkflow
  trunk:
    - StepperView

EXTERNAL SOURCES:
  StepperPlugin:
    :path: StepperPlugin.podspec

SPEC CHECKSUMS:
  MobileWorkflow: 28b25641879e2a75a7f5fa257633318ded930806
  StepperPlugin: 97f178ff74f725d94b4b90df19a4205b35cd4a44
  StepperView: 9b88922ef65712410c0e95c460cd115d33cfd933

PODFILE CHECKSUM: 077b29ca9e22ad1f8de38e2369935535f71aabd3

COCOAPODS: 1.15.2
