PODS:
  - MobileWorkflow (2.1.29):
    - MobileWorkflow/Core (= 2.1.29)
  - MobileWorkflow/Core (2.1.29)
  - StepperPlugin (1.0.2):
    - StepperPlugin/Core (= 1.0.2)
  - StepperPlugin/Core (1.0.2):
    - MobileWorkflow (~> 2.1.29)
    - StepperView (~> 1.6.7)
  - StepperView (1.6.7)

DEPENDENCIES:
  - MobileWorkflow (~> 2.1.5)
  - StepperPlugin (from `StepperPlugin.podspec`)

SPEC REPOS:
  https://github.com/FutureWorkshops/MWPodspecs.git:
    - MobileWorkflow
  trunk:
    - StepperView

EXTERNAL SOURCES:
  StepperPlugin:
    :path: StepperPlugin.podspec

SPEC CHECKSUMS:
  MobileWorkflow: 95ae9b93675fd092a4974787948b83899844354d
  StepperPlugin: 091ddd01bf4ae7ca286247c0f58ee16d8c5807c5
  StepperView: 9b88922ef65712410c0e95c460cd115d33cfd933

PODFILE CHECKSUM: 077b29ca9e22ad1f8de38e2369935535f71aabd3

COCOAPODS: 1.15.2
